{
  "name": "mywiki",
  "version": "1.0.8",
  "lockfileVersion": 3,
  "requires": true,
  "packages": {
    "": {
      "name": "mywiki",
      "version": "1.0.8",
      "license": "MIT",
      "dependencies": {
        "@types/marked": "^5.0.1",
        "@types/node": "^20.4.2",
        "marked": "^5.1.1"
      },
      "bin": {
        "mywiki": "index.js"
      }
    },
    "node_modules/@types/marked": {
      "version": "5.0.1",
      "resolved": "https://registry.npmjs.org/@types/marked/-/marked-5.0.1.tgz",
      "integrity": "sha512-Y3pAUzHKh605fN6fvASsz5FDSWbZcs/65Q6xYRmnIP9ZIYz27T4IOmXfH9gWJV1dpi7f1e7z7nBGUTx/a0ptpA=="
    },
    "node_modules/@types/node": {
      "version": "20.4.2",
      "resolved": "https://registry.npmjs.org/@types/node/-/node-20.4.2.tgz",
      "integrity": "sha512-Dd0BYtWgnWJKwO1jkmTrzofjK2QXXcai0dmtzvIBhcA+RsG5h8R3xlyta0kGOZRNfL9GuRtb1knmPEhQrePCEw=="
    },
    "node_modules/marked": {
      "version": "5.1.1",
      "resolved": "https://registry.npmjs.org/marked/-/marked-5.1.1.tgz",
      "integrity": "sha512-bTmmGdEINWmOMDjnPWDxGPQ4qkDLeYorpYbEtFOXzOruTwUE671q4Guiuchn4N8h/v6NGd7916kXsm3Iz4iUSg==",
      "bin": {
        "marked": "bin/marked.js"
      },
      "engines": {
        "node": ">= 18"
      }
    }
  }
}
